
Microsoft Visual Studio Solution File, Format Version 12.00
Project("{FAE04EC0-301F-11D3-BF4B-00C04F79EFBC}") = "Day1", "Day1\Day1.csproj", "{4BD30E98-C419-4311-ACC4-000EC7986AD0}"
EndProject
Project("{FAE04EC0-301F-11D3-BF4B-00C04F79EFBC}") = "Day2", "Day2\Day2.csproj", "{1962DCD6-0FCC-42A7-B598-A1437607D859}"
EndProject
Project("{FAE04EC0-301F-11D3-BF4B-00C04F79EFBC}") = "Day3", "Day3\Day3.csproj", "{9FE4B699-CC8C-4168-AFA7-2EAF9BF8C20F}"
EndProject
Global
	GlobalSection(SolutionConfigurationPlatforms) = preSolution
		Debug|Any CPU = Debug|Any CPU
		Release|Any CPU = Release|Any CPU
	EndGlobalSection
	GlobalSection(ProjectConfigurationPlatforms) = postSolution
		{4BD30E98-C419-4311-ACC4-000EC7986AD0}.Debug|Any CPU.ActiveCfg = Debug|Any CPU
		{4BD30E98-C419-4311-ACC4-000EC7986AD0}.Debug|Any CPU.Build.0 = Debug|Any CPU
		{4BD30E98-C419-4311-ACC4-000EC7986AD0}.Release|Any CPU.ActiveCfg = Release|Any CPU
		{4BD30E98-C419-4311-ACC4-000EC7986AD0}.Release|Any CPU.Build.0 = Release|Any CPU
		{1962DCD6-0FCC-42A7-B598-A1437607D859}.Debug|Any CPU.ActiveCfg = Debug|Any CPU
		{1962DCD6-0FCC-42A7-B598-A1437607D859}.Debug|Any CPU.Build.0 = Debug|Any CPU
		{1962DCD6-0FCC-42A7-B598-A1437607D859}.Release|Any CPU.ActiveCfg = Release|Any CPU
		{1962DCD6-0FCC-42A7-B598-A1437607D859}.Release|Any CPU.Build.0 = Release|Any CPU
		{9FE4B699-CC8C-4168-AFA7-2EAF9BF8C20F}.Debug|Any CPU.ActiveCfg = Debug|Any CPU
		{9FE4B699-CC8C-4168-AFA7-2EAF9BF8C20F}.Debug|Any CPU.Build.0 = Debug|Any CPU
		{9FE4B699-CC8C-4168-AFA7-2EAF9BF8C20F}.Release|Any CPU.ActiveCfg = Release|Any CPU
		{9FE4B699-CC8C-4168-AFA7-2EAF9BF8C20F}.Release|Any CPU.Build.0 = Release|Any CPU
	EndGlobalSection
EndGlobal
