
Microsoft Visual Studio Solution File, Format Version 12.00
Project("{FAE04EC0-301F-11D3-BF4B-00C04F79EFBC}") = "Day1", "Day1\Day1.csproj", "{4BD30E98-C419-4311-ACC4-000EC7986AD0}"
EndProject
Project("{FAE04EC0-301F-11D3-BF4B-00C04F79EFBC}") = "Day2", "Day2\Day2.csproj", "{1962DCD6-0FCC-42A7-B598-A1437607D859}"
EndProject
Project("{FAE04EC0-301F-11D3-BF4B-00C04F79EFBC}") = "Day3", "Day3\Day3.csproj", "{9FE4B699-CC8C-4168-AFA7-2EAF9BF8C20F}"
EndProject
Project("{FAE04EC0-301F-11D3-BF4B-00C04F79EFBC}") = "Day4", "Day4\Day4.csproj", "{9B663822-1E37-4BF0-A6EC-A3F44677FB7A}"
EndProject
Project("{FAE04EC0-301F-11D3-BF4B-00C04F79EFBC}") = "Day5", "Day5\Day5.csproj", "{F89AF00C-3FE3-4CD8-9339-6E4EB23CA687}"
EndProject
Project("{FAE04EC0-301F-11D3-BF4B-00C04F79EFBC}") = "Day6", "Day6\Day6.csproj", "{16B6D415-A5FB-4913-83E3-78269031376F}"
EndProject
Project("{FAE04EC0-301F-11D3-BF4B-00C04F79EFBC}") = "Day7", "Day7\Day7.csproj", "{5C2D0814-EA44-4E5B-80C7-BE4EDDFD9E2C}"
EndProject
Project("{FAE04EC0-301F-11D3-BF4B-00C04F79EFBC}") = "Day8", "Day8\Day8.csproj", "{7D982E2C-94DD-422F-8863-D5F03EC14AD4}"
EndProject
Project("{FAE04EC0-301F-11D3-BF4B-00C04F79EFBC}") = "Day9", "Day9\Day9.csproj", "{96DACFF1-B115-4B52-A1BE-31CF5AD5DF8D}"
EndProject
Project("{FAE04EC0-301F-11D3-BF4B-00C04F79EFBC}") = "Day10", "Day10\Day10.csproj", "{E80F48A8-0A7A-4F13-8076-DB92343A4720}"
EndProject
Project("{FAE04EC0-301F-11D3-BF4B-00C04F79EFBC}") = "Day11", "Day11\Day11.csproj", "{E56E993A-1A04-4349-AC02-34CBC82C2E3A}"
EndProject
Global
	GlobalSection(SolutionConfigurationPlatforms) = preSolution
		Debug|Any CPU = Debug|Any CPU
		Release|Any CPU = Release|Any CPU
	EndGlobalSection
	GlobalSection(ProjectConfigurationPlatforms) = postSolution
		{4BD30E98-C419-4311-ACC4-000EC7986AD0}.Debug|Any CPU.ActiveCfg = Debug|Any CPU
		{4BD30E98-C419-4311-ACC4-000EC7986AD0}.Debug|Any CPU.Build.0 = Debug|Any CPU
		{4BD30E98-C419-4311-ACC4-000EC7986AD0}.Release|Any CPU.ActiveCfg = Release|Any CPU
		{4BD30E98-C419-4311-ACC4-000EC7986AD0}.Release|Any CPU.Build.0 = Release|Any CPU
		{1962DCD6-0FCC-42A7-B598-A1437607D859}.Debug|Any CPU.ActiveCfg = Debug|Any CPU
		{1962DCD6-0FCC-42A7-B598-A1437607D859}.Debug|Any CPU.Build.0 = Debug|Any CPU
		{1962DCD6-0FCC-42A7-B598-A1437607D859}.Release|Any CPU.ActiveCfg = Release|Any CPU
		{1962DCD6-0FCC-42A7-B598-A1437607D859}.Release|Any CPU.Build.0 = Release|Any CPU
		{9FE4B699-CC8C-4168-AFA7-2EAF9BF8C20F}.Debug|Any CPU.ActiveCfg = Debug|Any CPU
		{9FE4B699-CC8C-4168-AFA7-2EAF9BF8C20F}.Debug|Any CPU.Build.0 = Debug|Any CPU
		{9FE4B699-CC8C-4168-AFA7-2EAF9BF8C20F}.Release|Any CPU.ActiveCfg = Release|Any CPU
		{9FE4B699-CC8C-4168-AFA7-2EAF9BF8C20F}.Release|Any CPU.Build.0 = Release|Any CPU
		{9B663822-1E37-4BF0-A6EC-A3F44677FB7A}.Debug|Any CPU.ActiveCfg = Debug|Any CPU
		{9B663822-1E37-4BF0-A6EC-A3F44677FB7A}.Debug|Any CPU.Build.0 = Debug|Any CPU
		{9B663822-1E37-4BF0-A6EC-A3F44677FB7A}.Release|Any CPU.ActiveCfg = Release|Any CPU
		{9B663822-1E37-4BF0-A6EC-A3F44677FB7A}.Release|Any CPU.Build.0 = Release|Any CPU
		{F89AF00C-3FE3-4CD8-9339-6E4EB23CA687}.Debug|Any CPU.ActiveCfg = Debug|Any CPU
		{F89AF00C-3FE3-4CD8-9339-6E4EB23CA687}.Debug|Any CPU.Build.0 = Debug|Any CPU
		{F89AF00C-3FE3-4CD8-9339-6E4EB23CA687}.Release|Any CPU.ActiveCfg = Release|Any CPU
		{F89AF00C-3FE3-4CD8-9339-6E4EB23CA687}.Release|Any CPU.Build.0 = Release|Any CPU
		{16B6D415-A5FB-4913-83E3-78269031376F}.Debug|Any CPU.ActiveCfg = Debug|Any CPU
		{16B6D415-A5FB-4913-83E3-78269031376F}.Debug|Any CPU.Build.0 = Debug|Any CPU
		{16B6D415-A5FB-4913-83E3-78269031376F}.Release|Any CPU.ActiveCfg = Release|Any CPU
		{16B6D415-A5FB-4913-83E3-78269031376F}.Release|Any CPU.Build.0 = Release|Any CPU
		{5C2D0814-EA44-4E5B-80C7-BE4EDDFD9E2C}.Debug|Any CPU.ActiveCfg = Debug|Any CPU
		{5C2D0814-EA44-4E5B-80C7-BE4EDDFD9E2C}.Debug|Any CPU.Build.0 = Debug|Any CPU
		{5C2D0814-EA44-4E5B-80C7-BE4EDDFD9E2C}.Release|Any CPU.ActiveCfg = Release|Any CPU
		{5C2D0814-EA44-4E5B-80C7-BE4EDDFD9E2C}.Release|Any CPU.Build.0 = Release|Any CPU
		{7D982E2C-94DD-422F-8863-D5F03EC14AD4}.Debug|Any CPU.ActiveCfg = Debug|Any CPU
		{7D982E2C-94DD-422F-8863-D5F03EC14AD4}.Debug|Any CPU.Build.0 = Debug|Any CPU
		{7D982E2C-94DD-422F-8863-D5F03EC14AD4}.Release|Any CPU.ActiveCfg = Release|Any CPU
		{7D982E2C-94DD-422F-8863-D5F03EC14AD4}.Release|Any CPU.Build.0 = Release|Any CPU
		{96DACFF1-B115-4B52-A1BE-31CF5AD5DF8D}.Debug|Any CPU.ActiveCfg = Debug|Any CPU
		{96DACFF1-B115-4B52-A1BE-31CF5AD5DF8D}.Debug|Any CPU.Build.0 = Debug|Any CPU
		{96DACFF1-B115-4B52-A1BE-31CF5AD5DF8D}.Release|Any CPU.ActiveCfg = Release|Any CPU
		{96DACFF1-B115-4B52-A1BE-31CF5AD5DF8D}.Release|Any CPU.Build.0 = Release|Any CPU
		{E80F48A8-0A7A-4F13-8076-DB92343A4720}.Debug|Any CPU.ActiveCfg = Debug|Any CPU
		{E80F48A8-0A7A-4F13-8076-DB92343A4720}.Debug|Any CPU.Build.0 = Debug|Any CPU
		{E80F48A8-0A7A-4F13-8076-DB92343A4720}.Release|Any CPU.ActiveCfg = Release|Any CPU
		{E80F48A8-0A7A-4F13-8076-DB92343A4720}.Release|Any CPU.Build.0 = Release|Any CPU
		{E56E993A-1A04-4349-AC02-34CBC82C2E3A}.Debug|Any CPU.ActiveCfg = Debug|Any CPU
		{E56E993A-1A04-4349-AC02-34CBC82C2E3A}.Debug|Any CPU.Build.0 = Debug|Any CPU
		{E56E993A-1A04-4349-AC02-34CBC82C2E3A}.Release|Any CPU.ActiveCfg = Release|Any CPU
		{E56E993A-1A04-4349-AC02-34CBC82C2E3A}.Release|Any CPU.Build.0 = Release|Any CPU
	EndGlobalSection
EndGlobal
